
Microsoft Visual Studio Solution File, Format Version 12.00
# Visual Studio Version 17
VisualStudioVersion = 17.3.32804.467
MinimumVisualStudioVersion = 10.0.40219.1
Project("{FAE04EC0-301F-11D3-BF4B-00C04F79EFBC}") = "pz8", "pz8.csproj", "{12E4196D-1B54-4BD7-BFEE-72DDC86E1291}"
EndProject
Global
	GlobalSection(SolutionConfigurationPlatforms) = preSolution
		Debug|Any CPU = Debug|Any CPU
		Release|Any CPU = Release|Any CPU
	EndGlobalSection
	GlobalSection(ProjectConfigurationPlatforms) = postSolution
		{12E4196D-1B54-4BD7-BFEE-72DDC86E1291}.Debug|Any CPU.ActiveCfg = Debug|Any CPU
		{12E4196D-1B54-4BD7-BFEE-72DDC86E1291}.Debug|Any CPU.Build.0 = Debug|Any CPU
		{12E4196D-1B54-4BD7-BFEE-72DDC86E1291}.Release|Any CPU.ActiveCfg = Release|Any CPU
		{12E4196D-1B54-4BD7-BFEE-72DDC86E1291}.Release|Any CPU.Build.0 = Release|Any CPU
	EndGlobalSection
	GlobalSection(SolutionProperties) = preSolution
		HideSolutionNode = FALSE
	EndGlobalSection
	GlobalSection(ExtensibilityGlobals) = postSolution
		SolutionGuid = {FB1ED8CB-4F69-4822-A996-84759E9B9FEA}
	EndGlobalSection
EndGlobal
