
Microsoft Visual Studio Solution File, Format Version 12.00
# Visual Studio Version 17
VisualStudioVersion = 17.3.32804.467
MinimumVisualStudioVersion = 10.0.40219.1
Project("{FAE04EC0-301F-11D3-BF4B-00C04F79EFBC}") = "Pz_7", "Pz_7\Pz_7.csproj", "{50C72781-5322-4C3F-8F7B-3DD151D264F1}"
EndProject
Global
	GlobalSection(SolutionConfigurationPlatforms) = preSolution
		Debug|Any CPU = Debug|Any CPU
		Release|Any CPU = Release|Any CPU
	EndGlobalSection
	GlobalSection(ProjectConfigurationPlatforms) = postSolution
		{50C72781-5322-4C3F-8F7B-3DD151D264F1}.Debug|Any CPU.ActiveCfg = Debug|Any CPU
		{50C72781-5322-4C3F-8F7B-3DD151D264F1}.Debug|Any CPU.Build.0 = Debug|Any CPU
		{50C72781-5322-4C3F-8F7B-3DD151D264F1}.Release|Any CPU.ActiveCfg = Release|Any CPU
		{50C72781-5322-4C3F-8F7B-3DD151D264F1}.Release|Any CPU.Build.0 = Release|Any CPU
	EndGlobalSection
	GlobalSection(SolutionProperties) = preSolution
		HideSolutionNode = FALSE
	EndGlobalSection
	GlobalSection(ExtensibilityGlobals) = postSolution
		SolutionGuid = {D7B2E9FC-C181-4D40-81B1-1AEFE0CC76F0}
	EndGlobalSection
EndGlobal
